{
  "schemaVersion": 1,
  "pack": {
    "name": "21st-design-runtime",
    "version": "1.0.0",
    "source": "https://github.com/21st-dev/21st/tree/main/distribution/source"
  },
  "installations": [
    {
      "name": "21st-cli-use",
      "version": "1.0.0",
      "hash": "1a98cc4d04b08570b9672c5170145a6ba0245c7c876e6f9d18321e7dc5a8d68b",
      "owner": "21st.dev",
      "license": "MIT",
      "source": "https://github.com/21st-dev/21st/tree/main/distribution/source",
      "scope": "project",
      "harness": "claude",
      "path": ".claude/skills/21st-cli-use/SKILL.md",
      "bundledScripts": [],
      "capabilities": [],
      "external": false,
      "trust": "first-party",
      "installedAt": "2026-08-26T05:06:38.847Z"
    },
    {
      "name": "21st-cli-use",
      "version": "1.0.0",
      "hash": "1a98cc4d04b08570b9672c5170145a6ba0245c7c876e6f9d18321e7dc5a8d68b",
      "owner": "21st.dev",
      "license": "MIT",
      "source": "https://github.com/21st-dev/21st/tree/main/distribution/source",
      "scope": "project",
      "harness": "cursor",
      "path": ".cursor/skills/21st-cli-use/SKILL.md",
      "bundledScripts": [],
      "capabilities": [],
      "external": false,
      "trust": "first-party",
      "installedAt": "2026-08-26T05:06:38.848Z"
    },
    {
      "name": "21st-cli-use",
      "version": "1.0.0",
      "hash": "1a98cc4d04b08570b9672c5170145a6ba0245c7c876e6f9d18321e7dc5a8d68b",
      "owner": "21st.dev",
      "license": "MIT",
      "source": "https://github.com/21st-dev/21st/tree/main/distribution/source",
      "scope": "project",
      "harness": "codex",
      "path": ".codex/skills/21st-cli-use/SKILL.md",
      "bundledScripts": [],
      "capabilities": [],
      "external": false,
      "trust": "first-party",
      "installedAt": "2026-08-26T05:06:38.848Z"
    },
    {
      "name": "21st-ai",
      "version": "1.0.0",
      "hash": "bc928af4cd81a09714b613ac173cd93dc5ab42e02e4d0d2274a97d7f28f034f1",
      "owner": "21st.dev",
      "license": "MIT",
      "source": "https://github.com/21st-dev/21st/tree/main/distribution/source",
      "scope": "project",
      "harness": "claude",
      "path": ".claude/skills/21st-ai/SKILL.md",
      "bundledScripts": [],
      "capabilities": [],
      "external": false,
      "trust": "first-party",
      "installedAt": "2026-08-26T05:06:38.848Z"
    },
    {
      "name": "21st-ai",
      "version": "1.0.0",
      "hash": "bc928af4cd81a09714b613ac173cd93dc5ab42e02e4d0d2274a97d7f28f034f1",
      "owner": "21st.dev",
      "license": "MIT",
      "source": "https://github.com/21st-dev/21st/tree/main/distribution/source",
      "scope": "project",
      "harness": "cursor",
      "path": ".cursor/skills/21st-ai/SKILL.md",
      "bundledScripts": [],
      "capabilities": [],
      "external": false,
      "trust": "first-party",
      "installedAt": "2026-08-26T05:06:38.848Z"
    },
    {
      "name": "21st-ai",
      "version": "1.0.0",
      "hash": "bc928af4cd81a09714b613ac173cd93dc5ab42e02e4d0d2274a97d7f28f034f1",
      "owner": "21st.dev",
      "license": "MIT",
      "source": "https://github.com/21st-dev/21st/tree/main/distribution/source",
      "scope": "project",
      "harness": "codex",
      "path": ".codex/skills/21st-ai/SKILL.md",
      "bundledScripts": [],
      "capabilities": [],
      "external": false,
      "trust": "first-party",
      "installedAt": "2026-08-26T05:06:38.848Z"
    },
    {
      "name": "21st-registry",
      "version": "1.0.0",
      "hash": "4231368a5d04e0034eb070bce5477680460fa8b20fe7391ef15638ece15bab55",
      "owner": "21st.dev",
      "license": "MIT",
      "source": "https://github.com/21st-dev/21st/tree/main/distribution/source",
      "scope": "project",
      "harness": "claude",
      "path": ".claude/skills/21st-registry/SKILL.md",
      "bundledScripts": [],
      "capabilities": [],
      "external": false,
      "trust": "first-party",
      "installedAt": "2026-08-26T05:06:38.848Z"
    },
    {
      "name": "21st-registry",
      "version": "1.0.0",
      "hash": "4231368a5d04e0034eb070bce5477680460fa8b20fe7391ef15638ece15bab55",
      "owner": "21st.dev",
      "license": "MIT",
      "source": "https://github.com/21st-dev/21st/tree/main/distribution/source",
      "scope": "project",
      "harness": "cursor",
      "path": ".cursor/skills/21st-registry/SKILL.md",
      "bundledScripts": [],
      "capabilities": [],
      "external": false,
      "trust": "first-party",
      "installedAt": "2026-08-26T05:06:38.849Z"
    },
    {
      "name": "21st-registry",
      "version": "1.0.0",
      "hash": "4231368a5d04e0034eb070bce5477680460fa8b20fe7391ef15638ece15bab55",
      "owner": "21st.dev",
      "license": "MIT",
      "source": "https://github.com/21st-dev/21st/tree/main/distribution/source",
      "scope": "project",
      "harness": "codex",
      "path": ".codex/skills/21st-registry/SKILL.md",
      "bundledScripts": [],
      "capabilities": [],
      "external": false,
      "trust": "first-party",
      "installedAt": "2026-08-26T05:06:38.849Z"
    },
    {
      "name": "21st-design-sync",
      "version": "1.0.0",
      "hash": "65cc94c842e066f69d8914af3dd94923545418b28e1fb23059473bff52bd0fe4",
      "owner": "21st.dev",
      "license": "MIT",
      "source": "https://github.com/21st-dev/21st/tree/main/distribution/source",
      "scope": "project",
      "harness": "claude",
      "path": ".claude/skills/21st-design-sync/SKILL.md",
      "bundledScripts": [],
      "capabilities": [],
      "external": false,
      "trust": "first-party",
      "installedAt": "2026-08-26T05:06:38.849Z"
    },
    {
      "name": "21st-design-sync",
      "version": "1.0.0",
      "hash": "65cc94c842e066f69d8914af3dd94923545418b28e1fb23059473bff52bd0fe4",
      "owner": "21st.dev",
      "license": "MIT",
      "source": "https://github.com/21st-dev/21st/tree/main/distribution/source",
      "scope": "project",
      "harness": "cursor",
      "path": ".cursor/skills/21st-design-sync/SKILL.md",
      "bundledScripts": [],
      "capabilities": [],
      "external": false,
      "trust": "first-party",
      "installedAt": "2026-08-26T05:06:38.849Z"
    },
    {
      "name": "21st-design-sync",
      "version": "1.0.0",
      "hash": "65cc94c842e066f69d8914af3dd94923545418b28e1fb23059473bff52bd0fe4",
      "owner": "21st.dev",
      "license": "MIT",
      "source": "https://github.com/21st-dev/21st/tree/main/distribution/source",
      "scope": "project",
      "harness": "codex",
      "path": ".codex/skills/21st-design-sync/SKILL.md",
      "bundledScripts": [],
      "capabilities": [],
      "external": false,
      "trust": "first-party",
      "installedAt": "2026-08-26T05:06:38.850Z"
    },
    {
      "name": "21st-ui-build",
      "version": "1.0.0",
      "hash": "746095b0c07ea46064c53a88011fc46444f569e27f7f8cd5e80116ade497a51e",
      "owner": "21st.dev",
      "license": "MIT",
      "source": "https://github.com/21st-dev/21st/tree/main/distribution/source",
      "scope": "project",
      "harness": "claude",
      "path": ".claude/skills/21st-ui-build/SKILL.md",
      "bundledScripts": [],
      "capabilities": [],
      "external": false,
      "trust": "first-party",
      "installedAt": "2026-08-26T05:06:38.850Z"
    },
    {
      "name": "21st-ui-build",
      "version": "1.0.0",
      "hash": "746095b0c07ea46064c53a88011fc46444f569e27f7f8cd5e80116ade497a51e",
      "owner": "21st.dev",
      "license": "MIT",
      "source": "https://github.com/21st-dev/21st/tree/main/distribution/source",
      "scope": "project",
      "harness": "cursor",
      "path": ".cursor/skills/21st-ui-build/SKILL.md",
      "bundledScripts": [],
      "capabilities": [],
      "external": false,
      "trust": "first-party",
      "installedAt": "2026-08-26T05:06:38.850Z"
    },
    {
      "name": "21st-ui-build",
      "version": "1.0.0",
      "hash": "746095b0c07ea46064c53a88011fc46444f569e27f7f8cd5e80116ade497a51e",
      "owner": "21st.dev",
      "license": "MIT",
      "source": "https://github.com/21st-dev/21st/tree/main/distribution/source",
      "scope": "project",
      "harness": "codex",
      "path": ".codex/skills/21st-ui-build/SKILL.md",
      "bundledScripts": [],
      "capabilities": [],
      "external": false,
      "trust": "first-party",
      "installedAt": "2026-08-26T05:06:38.850Z"
    },
    {
      "name": "21st-ui-explore",
      "version": "1.0.0",
      "hash": "4482d001cfe8992f55cd52968013a522824fd4ec020ee4e5915a9a902b0c63ff",
      "owner": "21st.dev",
      "license": "MIT",
      "source": "https://github.com/21st-dev/21st/tree/main/distribution/source",
      "scope": "project",
      "harness": "claude",
      "path": ".claude/skills/21st-ui-explore/SKILL.md",
      "bundledScripts": [],
      "capabilities": [],
      "external": false,
      "trust": "first-party",
      "installedAt": "2026-08-26T05:06:38.850Z"
    },
    {
      "name": "21st-ui-explore",
      "version": "1.0.0",
      "hash": "4482d001cfe8992f55cd52968013a522824fd4ec020ee4e5915a9a902b0c63ff",
      "owner": "21st.dev",
      "license": "MIT",
      "source": "https://github.com/21st-dev/21st/tree/main/distribution/source",
      "scope": "project",
      "harness": "cursor",
      "path": ".cursor/skills/21st-ui-explore/SKILL.md",
      "bundledScripts": [],
      "capabilities": [],
      "external": false,
      "trust": "first-party",
      "installedAt": "2026-08-26T05:06:38.850Z"
    },
    {
      "name": "21st-ui-explore",
      "version": "1.0.0",
      "hash": "4482d001cfe8992f55cd52968013a522824fd4ec020ee4e5915a9a902b0c63ff",
      "owner": "21st.dev",
      "license": "MIT",
      "source": "https://github.com/21st-dev/21st/tree/main/distribution/source",
      "scope": "project",
      "harness": "codex",
      "path": ".codex/skills/21st-ui-explore/SKILL.md",
      "bundledScripts": [],
      "capabilities": [],
      "external": false,
      "trust": "first-party",
      "installedAt": "2026-08-26T05:06:38.850Z"
    },
    {
      "name": "21st-ui-review",
      "version": "1.0.0",
      "hash": "78939e830bceb64b8e2d32f831b80472008d5d2e50b31c8a8f38af5e5a015088",
      "owner": "21st.dev",
      "license": "MIT",
      "source": "https://github.com/21st-dev/21st/tree/main/distribution/source",
      "scope": "project",
      "harness": "claude",
      "path": ".claude/skills/21st-ui-review/SKILL.md",
      "bundledScripts": [],
      "capabilities": [],
      "external": false,
      "trust": "first-party",
      "installedAt": "2026-08-26T05:06:38.850Z"
    },
    {
      "name": "21st-ui-review",
      "version": "1.0.0",
      "hash": "78939e830bceb64b8e2d32f831b80472008d5d2e50b31c8a8f38af5e5a015088",
      "owner": "21st.dev",
      "license": "MIT",
      "source": "https://github.com/21st-dev/21st/tree/main/distribution/source",
      "scope": "project",
      "harness": "cursor",
      "path": ".cursor/skills/21st-ui-review/SKILL.md",
      "bundledScripts": [],
      "capabilities": [],
      "external": false,
      "trust": "first-party",
      "installedAt": "2026-08-26T05:06:38.850Z"
    },
    {
      "name": "21st-ui-review",
      "version": "1.0.0",
      "hash": "78939e830bceb64b8e2d32f831b80472008d5d2e50b31c8a8f38af5e5a015088",
      "owner": "21st.dev",
      "license": "MIT",
      "source": "https://github.com/21st-dev/21st/tree/main/distribution/source",
      "scope": "project",
      "harness": "codex",
      "path": ".codex/skills/21st-ui-review/SKILL.md",
      "bundledScripts": [],
      "capabilities": [],
      "external": false,
      "trust": "first-party",
      "installedAt": "2026-08-26T05:06:38.851Z"
    }
  ]
}
